
Microsoft Visual Studio Solution File, Format Version 12.00
# Visual Studio Version 16
VisualStudioVersion = 16.0.30114.105
MinimumVisualStudioVersion = 10.0.40219.1
Project("{FAE04EC0-301F-11D3-BF4B-00C04F79EFBC}") = "MotionSurveilence", "MotionSurveilence\MotionSurveilence.csproj", "{F1369978-E18C-44B1-8A70-4CD326974E15}"
EndProject
Global
	GlobalSection(SolutionConfigurationPlatforms) = preSolution
		Debug|Any CPU = Debug|Any CPU
		Release|Any CPU = Release|Any CPU
	EndGlobalSection
	GlobalSection(ProjectConfigurationPlatforms) = postSolution
		{F1369978-E18C-44B1-8A70-4CD326974E15}.Debug|Any CPU.ActiveCfg = Debug|Any CPU
		{F1369978-E18C-44B1-8A70-4CD326974E15}.Debug|Any CPU.Build.0 = Debug|Any CPU
		{F1369978-E18C-44B1-8A70-4CD326974E15}.Release|Any CPU.ActiveCfg = Release|Any CPU
		{F1369978-E18C-44B1-8A70-4CD326974E15}.Release|Any CPU.Build.0 = Release|Any CPU
	EndGlobalSection
	GlobalSection(SolutionProperties) = preSolution
		HideSolutionNode = FALSE
	EndGlobalSection
	GlobalSection(ExtensibilityGlobals) = postSolution
		SolutionGuid = {8983D158-F3DC-4E23-9527-B71B589F23D0}
	EndGlobalSection
EndGlobal
